
Microsoft Visual Studio Solution File, Format Version 12.00
# Visual Studio Version 17
VisualStudioVersion = 17.13.35818.85
MinimumVisualStudioVersion = 10.0.40219.1
Project("{FAE04EC0-301F-11D3-BF4B-00C04F79EFBC}") = "EediImprove.Api", "EediImprove.Api\EediImprove.Api.csproj", "{FF9B7CA5-99F7-B73D-2960-169B2B1B6EE5}"
EndProject
Project("{FAE04EC0-301F-11D3-BF4B-00C04F79EFBC}") = "EediImprove.Services", "EediImprove.Services\EediImprove.Services.csproj", "{5FEF399B-D5E9-4654-95FC-F035D30E36A3}"
EndProject
Project("{FAE04EC0-301F-11D3-BF4B-00C04F79EFBC}") = "EediImprove.Repository", "EediImprove.Repository\EediImprove.Repository.csproj", "{9207BFAE-2813-4211-991D-ADD0F5CABB68}"
EndProject
Global
	GlobalSection(SolutionConfigurationPlatforms) = preSolution
		Debug|Any CPU = Debug|Any CPU
		Release|Any CPU = Release|Any CPU
	EndGlobalSection
	GlobalSection(ProjectConfigurationPlatforms) = postSolution
		{FF9B7CA5-99F7-B73D-2960-169B2B1B6EE5}.Debug|Any CPU.ActiveCfg = Debug|Any CPU
		{FF9B7CA5-99F7-B73D-2960-169B2B1B6EE5}.Debug|Any CPU.Build.0 = Debug|Any CPU
		{FF9B7CA5-99F7-B73D-2960-169B2B1B6EE5}.Release|Any CPU.ActiveCfg = Release|Any CPU
		{FF9B7CA5-99F7-B73D-2960-169B2B1B6EE5}.Release|Any CPU.Build.0 = Release|Any CPU
		{5FEF399B-D5E9-4654-95FC-F035D30E36A3}.Debug|Any CPU.ActiveCfg = Debug|Any CPU
		{5FEF399B-D5E9-4654-95FC-F035D30E36A3}.Debug|Any CPU.Build.0 = Debug|Any CPU
		{5FEF399B-D5E9-4654-95FC-F035D30E36A3}.Release|Any CPU.ActiveCfg = Release|Any CPU
		{5FEF399B-D5E9-4654-95FC-F035D30E36A3}.Release|Any CPU.Build.0 = Release|Any CPU
		{9207BFAE-2813-4211-991D-ADD0F5CABB68}.Debug|Any CPU.ActiveCfg = Debug|Any CPU
		{9207BFAE-2813-4211-991D-ADD0F5CABB68}.Debug|Any CPU.Build.0 = Debug|Any CPU
		{9207BFAE-2813-4211-991D-ADD0F5CABB68}.Release|Any CPU.ActiveCfg = Release|Any CPU
		{9207BFAE-2813-4211-991D-ADD0F5CABB68}.Release|Any CPU.Build.0 = Release|Any CPU
	EndGlobalSection
	GlobalSection(SolutionProperties) = preSolution
		HideSolutionNode = FALSE
	EndGlobalSection
	GlobalSection(ExtensibilityGlobals) = postSolution
		SolutionGuid = {DBCBE486-B083-425C-8F49-A02610868641}
	EndGlobalSection
EndGlobal
